// !$*UTF8*$!
{
	archiveVersion = 1;
	classes = {
	};
	objectVersion = 48;
	objects = {

/* Begin PBXBuildFile section */
		2B20022B20AAFEED00CD16D9 /* UIRoundedButtonWithGradientAndShadow.swift in Sources */ = {isa = PBXBuildFile; fileRef = 2B20022A20AAFEED00CD16D9 /* UIRoundedButtonWithGradientAndShadow.swift */; };
		2B20022E20AB506000CD16D9 /* NoHomeModalVC.swift in Sources */ = {isa = PBXBuildFile; fileRef = 2B20022C20AB506000CD16D9 /* NoHomeModalVC.swift */; };
		2B20022F20AB506000CD16D9 /* NoHomeModalVC.xib in Resources */ = {isa = PBXBuildFile; fileRef = 2B20022D20AB506000CD16D9 /* NoHomeModalVC.xib */; };
		2BD1109F20A82AC900B62DC1 /* AppDelegate.swift in Sources */ = {isa = PBXBuildFile; fileRef = 2BD1109E20A82AC900B62DC1 /* AppDelegate.swift */; };
		2BD110A120A82AC900B62DC1 /* NavMapVC.swift in Sources */ = {isa = PBXBuildFile; fileRef = 2BD110A020A82AC900B62DC1 /* NavMapVC.swift */; };
		2BD110A420A82AC900B62DC1 /* Main.storyboard in Resources */ = {isa = PBXBuildFile; fileRef = 2BD110A220A82AC900B62DC1 /* Main.storyboard */; };
		2BD110A620A82AD000B62DC1 /* Assets.xcassets in Resources */ = {isa = PBXBuildFile; fileRef = 2BD110A520A82AD000B62DC1 /* Assets.xcassets */; };
		2BD110A920A82AD000B62DC1 /* LaunchScreen.storyboard in Resources */ = {isa = PBXBuildFile; fileRef = 2BD110A720A82AD000B62DC1 /* LaunchScreen.storyboard */; };
		2BDAA82F20AAB84E001B7D43 /* GradientView.swift in Sources */ = {isa = PBXBuildFile; fileRef = 2BDAA82E20AAB84E001B7D43 /* GradientView.swift */; };
		5D6838C75FF4F7A25E947DAF /* Pods_toHomeMapBox.framework in Frameworks */ = {isa = PBXBuildFile; fileRef = D276DF0D12EB9D4580E5048D /* Pods_toHomeMapBox.framework */; };
/* End PBXBuildFile section */

/* Begin PBXFileReference section */
		2B20022A20AAFEED00CD16D9 /* UIRoundedButtonWithGradientAndShadow.swift */ = {isa = PBXFileReference; lastKnownFileType = sourcecode.swift; path = UIRoundedButtonWithGradientAndShadow.swift; sourceTree = "<group>"; };
		2B20022C20AB506000CD16D9 /* NoHomeModalVC.swift */ = {isa = PBXFileReference; lastKnownFileType = sourcecode.swift; path = NoHomeModalVC.swift; sourceTree = "<group>"; };
		2B20022D20AB506000CD16D9 /* NoHomeModalVC.xib */ = {isa = PBXFileReference; lastKnownFileType = file.xib; path = NoHomeModalVC.xib; sourceTree = "<group>"; };
		2BD1109B20A82AC900B62DC1 /* toHomeMapBox.app */ = {isa = PBXFileReference; explicitFileType = wrapper.application; includeInIndex = 0; path = toHomeMapBox.app; sourceTree = BUILT_PRODUCTS_DIR; };
		2BD1109E20A82AC900B62DC1 /* AppDelegate.swift */ = {isa = PBXFileReference; lastKnownFileType = sourcecode.swift; path = AppDelegate.swift; sourceTree = "<group>"; };
		2BD110A020A82AC900B62DC1 /* NavMapVC.swift */ = {isa = PBXFileReference; lastKnownFileType = sourcecode.swift; path = NavMapVC.swift; sourceTree = "<group>"; };
		2BD110A320A82AC900B62DC1 /* Base */ = {isa = PBXFileReference; lastKnownFileType = file.storyboard; name = Base; path = Base.lproj/Main.storyboard; sourceTree = "<group>"; };
		2BD110A520A82AD000B62DC1 /* Assets.xcassets */ = {isa = PBXFileReference; lastKnownFileType = folder.assetcatalog; path = Assets.xcassets; sourceTree = "<group>"; };
		2BD110A820A82AD000B62DC1 /* Base */ = {isa = PBXFileReference; lastKnownFileType = file.storyboard; name = Base; path = Base.lproj/LaunchScreen.storyboard; sourceTree = "<group>"; };
		2BD110AA20A82AD000B62DC1 /* Info.plist */ = {isa = PBXFileReference; lastKnownFileType = text.plist.xml; path = Info.plist; sourceTree = "<group>"; };
		2BDAA82E20AAB84E001B7D43 /* GradientView.swift */ = {isa = PBXFileReference; lastKnownFileType = sourcecode.swift; path = GradientView.swift; sourceTree = "<group>"; };
		7D6DE37CD4F8A82847ECD678 /* Pods-toHomeMapBox.debug.xcconfig */ = {isa = PBXFileReference; includeInIndex = 1; lastKnownFileType = text.xcconfig; name = "Pods-toHomeMapBox.debug.xcconfig"; path = "Pods/Target Support Files/Pods-toHomeMapBox/Pods-toHomeMapBox.debug.xcconfig"; sourceTree = "<group>"; };
		95D93CCCAF2815715121236B /* Pods-toHomeMapBox.release.xcconfig */ = {isa = PBXFileReference; includeInIndex = 1; lastKnownFileType = text.xcconfig; name = "Pods-toHomeMapBox.release.xcconfig"; path = "Pods/Target Support Files/Pods-toHomeMapBox/Pods-toHomeMapBox.release.xcconfig"; sourceTree = "<group>"; };
		D276DF0D12EB9D4580E5048D /* Pods_toHomeMapBox.framework */ = {isa = PBXFileReference; explicitFileType = wrapper.framework; includeInIndex = 0; path = Pods_toHomeMapBox.framework; sourceTree = BUILT_PRODUCTS_DIR; };
/* End PBXFileReference section */

/* Begin PBXFrameworksBuildPhase section */
		2BD1109820A82AC900B62DC1 /* Frameworks */ = {
			isa = PBXFrameworksBuildPhase;
			buildActionMask = 2147483647;
			files = (
				5D6838C75FF4F7A25E947DAF /* Pods_toHomeMapBox.framework in Frameworks */,
			);
			runOnlyForDeploymentPostprocessing = 0;
		};
/* End PBXFrameworksBuildPhase section */

/* Begin PBXGroup section */
		2B20023020AB506500CD16D9 /* XIBs */ = {
			isa = PBXGroup;
			children = (
				2B20022D20AB506000CD16D9 /* NoHomeModalVC.xib */,
			);
			path = XIBs;
			sourceTree = "<group>";
		};
		2BD1109220A82AC900B62DC1 = {
			isa = PBXGroup;
			children = (
				2BD1109D20A82AC900B62DC1 /* toHomeMapBox */,
				2BD1109C20A82AC900B62DC1 /* Products */,
				5F83862EDF97CBCBF4ACF349 /* Pods */,
				FFD4B2664DF1CF86070E7CB2 /* Frameworks */,
			);
			sourceTree = "<group>";
		};
		2BD1109C20A82AC900B62DC1 /* Products */ = {
			isa = PBXGroup;
			children = (
				2BD1109B20A82AC900B62DC1 /* toHomeMapBox.app */,
			);
			name = Products;
			sourceTree = "<group>";
		};
		2BD1109D20A82AC900B62DC1 /* toHomeMapBox */ = {
			isa = PBXGroup;
			children = (
				2B20023020AB506500CD16D9 /* XIBs */,
				2BDAA82D20AAB83C001B7D43 /* View */,
				2BD1109E20A82AC900B62DC1 /* AppDelegate.swift */,
				2BD110A020A82AC900B62DC1 /* NavMapVC.swift */,
				2BD110A220A82AC900B62DC1 /* Main.storyboard */,
				2BD110A520A82AD000B62DC1 /* Assets.xcassets */,
				2BD110A720A82AD000B62DC1 /* LaunchScreen.storyboard */,
				2BD110AA20A82AD000B62DC1 /* Info.plist */,
				2B20022C20AB506000CD16D9 /* NoHomeModalVC.swift */,
			);
			path = toHomeMapBox;
			sourceTree = "<group>";
		};
		2BDAA82D20AAB83C001B7D43 /* View */ = {
			isa = PBXGroup;
			children = (
				2BDAA82E20AAB84E001B7D43 /* GradientView.swift */,
				2B20022A20AAFEED00CD16D9 /* UIRoundedButtonWithGradientAndShadow.swift */,
			);
			name = View;
			path = ..;
			sourceTree = "<group>";
		};
		5F83862EDF97CBCBF4ACF349 /* Pods */ = {
			isa = PBXGroup;
			children = (
				7D6DE37CD4F8A82847ECD678 /* Pods-toHomeMapBox.debug.xcconfig */,
				95D93CCCAF2815715121236B /* Pods-toHomeMapBox.release.xcconfig */,
			);
			name = Pods;
			sourceTree = "<group>";
		};
		FFD4B2664DF1CF86070E7CB2 /* Frameworks */ = {
			isa = PBXGroup;
			children = (
				D276DF0D12EB9D4580E5048D /* Pods_toHomeMapBox.framework */,
			);
			name = Frameworks;
			sourceTree = "<group>";
		};
/* End PBXGroup section */

/* Begin PBXNativeTarget section */
		2BD1109A20A82AC900B62DC1 /* toHomeMapBox */ = {
			isa = PBXNativeTarget;
			buildConfigurationList = 2BD110AD20A82AD000B62DC1 /* Build configuration list for PBXNativeTarget "toHomeMapBox" */;
			buildPhases = (
				D31DC96198A2030B7340B463 /* [CP] Check Pods Manifest.lock */,
				2BD1109720A82AC900B62DC1 /* Sources */,
				2BD1109820A82AC900B62DC1 /* Frameworks */,
				2BD1109920A82AC900B62DC1 /* Resources */,
				10E887275F0261EC29EF474F /* [CP] Embed Pods Frameworks */,
				F2D555562C0793A19495D9EB /* [CP] Copy Pods Resources */,
			);
			buildRules = (
			);
			dependencies = (
			);
			name = toHomeMapBox;
			productName = toHomeMapBox;
			productReference = 2BD1109B20A82AC900B62DC1 /* toHomeMapBox.app */;
			productType = "com.apple.product-type.application";
		};
/* End PBXNativeTarget section */

/* Begin PBXProject section */
		2BD1109320A82AC900B62DC1 /* Project object */ = {
			isa = PBXProject;
			attributes = {
				LastSwiftUpdateCheck = 0930;
				LastUpgradeCheck = 0930;
				ORGANIZATIONNAME = "Kristyan Danailov";
				TargetAttributes = {
					2BD1109A20A82AC900B62DC1 = {
						CreatedOnToolsVersion = 9.3;
						ProvisioningStyle = Automatic;
						SystemCapabilities = {
							com.apple.BackgroundModes = {
								enabled = 1;
							};
						};
					};
				};
			};
			buildConfigurationList = 2BD1109620A82AC900B62DC1 /* Build configuration list for PBXProject "toHomeMapBox" */;
			compatibilityVersion = "Xcode 8.0";
			developmentRegion = en;
			hasScannedForEncodings = 0;
			knownRegions = (
				en,
				Base,
			);
			mainGroup = 2BD1109220A82AC900B62DC1;
			productRefGroup = 2BD1109C20A82AC900B62DC1 /* Products */;
			projectDirPath = "";
			projectRoot = "";
			targets = (
				2BD1109A20A82AC900B62DC1 /* toHomeMapBox */,
			);
		};
/* End PBXProject section */

/* Begin PBXResourcesBuildPhase section */
		2BD1109920A82AC900B62DC1 /* Resources */ = {
			isa = PBXResourcesBuildPhase;
			buildActionMask = 2147483647;
			files = (
				2BD110A920A82AD000B62DC1 /* LaunchScreen.storyboard in Resources */,
				2BD110A620A82AD000B62DC1 /* Assets.xcassets in Resources */,
				2B20022F20AB506000CD16D9 /* NoHomeModalVC.xib in Resources */,
				2BD110A420A82AC900B62DC1 /* Main.storyboard in Resources */,
			);
			runOnlyForDeploymentPostprocessing = 0;
		};
/* End PBXResourcesBuildPhase section */

/* Begin PBXShellScriptBuildPhase section */
		10E887275F0261EC29EF474F /* [CP] Embed Pods Frameworks */ = {
			isa = PBXShellScriptBuildPhase;
			buildActionMask = 2147483647;
			files = (
			);
			inputPaths = (
				"${SRCROOT}/Pods/Target Support Files/Pods-toHomeMapBox/Pods-toHomeMapBox-frameworks.sh",
				"${PODS_ROOT}/Mapbox-iOS-SDK/dynamic/Mapbox.framework",
				"${PODS_ROOT}/Mapbox-iOS-SDK/dynamic/Mapbox.framework.dSYM",
				"${BUILT_PRODUCTS_DIR}/MapboxCoreNavigation/MapboxCoreNavigation.framework",
				"${BUILT_PRODUCTS_DIR}/MapboxDirections.swift/MapboxDirections.framework",
				"${BUILT_PRODUCTS_DIR}/MapboxMobileEvents/MapboxMobileEvents.framework",
				"${BUILT_PRODUCTS_DIR}/MapboxNavigation/MapboxNavigation.framework",
				"${BUILT_PRODUCTS_DIR}/MapboxSpeech/MapboxSpeech.framework",
				"${BUILT_PRODUCTS_DIR}/Polyline/Polyline.framework",
				"${BUILT_PRODUCTS_DIR}/Solar/Solar.framework",
				"${BUILT_PRODUCTS_DIR}/Turf/Turf.framework",
			);
			name = "[CP] Embed Pods Frameworks";
			outputPaths = (
				"${TARGET_BUILD_DIR}/${FRAMEWORKS_FOLDER_PATH}/Mapbox.framework",
				"${DWARF_DSYM_FOLDER_PATH}/Mapbox.framework.dSYM",
				"${TARGET_BUILD_DIR}/${FRAMEWORKS_FOLDER_PATH}/MapboxCoreNavigation.framework",
				"${TARGET_BUILD_DIR}/${FRAMEWORKS_FOLDER_PATH}/MapboxDirections.framework",
				"${TARGET_BUILD_DIR}/${FRAMEWORKS_FOLDER_PATH}/MapboxMobileEvents.framework",
				"${TARGET_BUILD_DIR}/${FRAMEWORKS_FOLDER_PATH}/MapboxNavigation.framework",
				"${TARGET_BUILD_DIR}/${FRAMEWORKS_FOLDER_PATH}/MapboxSpeech.framework",
				"${TARGET_BUILD_DIR}/${FRAMEWORKS_FOLDER_PATH}/Polyline.framework",
				"${TARGET_BUILD_DIR}/${FRAMEWORKS_FOLDER_PATH}/Solar.framework",
				"${TARGET_BUILD_DIR}/${FRAMEWORKS_FOLDER_PATH}/Turf.framework",
			);
			runOnlyForDeploymentPostprocessing = 0;
			shellPath = /bin/sh;
			shellScript = "\"${SRCROOT}/Pods/Target Support Files/Pods-toHomeMapBox/Pods-toHomeMapBox-frameworks.sh\"\n";
			showEnvVarsInLog = 0;
		};
		D31DC96198A2030B7340B463 /* [CP] Check Pods Manifest.lock */ = {
			isa = PBXShellScriptBuildPhase;
			buildActionMask = 2147483647;
			files = (
			);
			inputPaths = (
				"${PODS_PODFILE_DIR_PATH}/Podfile.lock",
				"${PODS_ROOT}/Manifest.lock",
			);
			name = "[CP] Check Pods Manifest.lock";
			outputPaths = (
				"$(DERIVED_FILE_DIR)/Pods-toHomeMapBox-checkManifestLockResult.txt",
			);
			runOnlyForDeploymentPostprocessing = 0;
			shellPath = /bin/sh;
			shellScript = "diff \"${PODS_PODFILE_DIR_PATH}/Podfile.lock\" \"${PODS_ROOT}/Manifest.lock\" > /dev/null\nif [ $? != 0 ] ; then\n    # print error to STDERR\n    echo \"error: The sandbox is not in sync with the Podfile.lock. Run 'pod install' or update your CocoaPods installation.\" >&2\n    exit 1\nfi\n# This output is used by Xcode 'outputs' to avoid re-running this script phase.\necho \"SUCCESS\" > \"${SCRIPT_OUTPUT_FILE_0}\"\n";
			showEnvVarsInLog = 0;
		};
		F2D555562C0793A19495D9EB /* [CP] Copy Pods Resources */ = {
			isa = PBXShellScriptBuildPhase;
			buildActionMask = 2147483647;
			files = (
			);
			inputPaths = (
			);
			name = "[CP] Copy Pods Resources";
			outputPaths = (
			);
			runOnlyForDeploymentPostprocessing = 0;
			shellPath = /bin/sh;
			shellScript = "\"${SRCROOT}/Pods/Target Support Files/Pods-toHomeMapBox/Pods-toHomeMapBox-resources.sh\"\n";
			showEnvVarsInLog = 0;
		};
/* End PBXShellScriptBuildPhase section */

/* Begin PBXSourcesBuildPhase section */
		2BD1109720A82AC900B62DC1 /* Sources */ = {
			isa = PBXSourcesBuildPhase;
			buildActionMask = 2147483647;
			files = (
				2B20022E20AB506000CD16D9 /* NoHomeModalVC.swift in Sources */,
				2BD110A120A82AC900B62DC1 /* NavMapVC.swift in Sources */,
				2BD1109F20A82AC900B62DC1 /* AppDelegate.swift in Sources */,
				2BDAA82F20AAB84E001B7D43 /* GradientView.swift in Sources */,
				2B20022B20AAFEED00CD16D9 /* UIRoundedButtonWithGradientAndShadow.swift in Sources */,
			);
			runOnlyForDeploymentPostprocessing = 0;
		};
/* End PBXSourcesBuildPhase section */

/* Begin PBXVariantGroup section */
		2BD110A220A82AC900B62DC1 /* Main.storyboard */ = {
			isa = PBXVariantGroup;
			children = (
				2BD110A320A82AC900B62DC1 /* Base */,
			);
			name = Main.storyboard;
			sourceTree = "<group>";
		};
		2BD110A720A82AD000B62DC1 /* LaunchScreen.storyboard */ = {
			isa = PBXVariantGroup;
			children = (
				2BD110A820A82AD000B62DC1 /* Base */,
			);
			name = LaunchScreen.storyboard;
			sourceTree = "<group>";
		};
/* End PBXVariantGroup section */

/* Begin XCBuildConfiguration section */
		2BD110AB20A82AD000B62DC1 /* Debug */ = {
			isa = XCBuildConfiguration;
			buildSettings = {
				ALWAYS_SEARCH_USER_PATHS = NO;
				CLANG_ANALYZER_NONNULL = YES;
				CLANG_ANALYZER_NUMBER_OBJECT_CONVERSION = YES_AGGRESSIVE;
				CLANG_CXX_LANGUAGE_STANDARD = "gnu++14";
				CLANG_CXX_LIBRARY = "libc++";
				CLANG_ENABLE_MODULES = YES;
				CLANG_ENABLE_OBJC_ARC = YES;
				CLANG_ENABLE_OBJC_WEAK = YES;
				CLANG_WARN_BLOCK_CAPTURE_AUTORELEASING = YES;
				CLANG_WARN_BOOL_CONVERSION = YES;
				CLANG_WARN_COMMA = YES;
				CLANG_WARN_CONSTANT_CONVERSION = YES;
				CLANG_WARN_DEPRECATED_OBJC_IMPLEMENTATIONS = YES;
				CLANG_WARN_DIRECT_OBJC_ISA_USAGE = YES_ERROR;
				CLANG_WARN_DOCUMENTATION_COMMENTS = YES;
				CLANG_WARN_EMPTY_BODY = YES;
				CLANG_WARN_ENUM_CONVERSION = YES;
				CLANG_WARN_INFINITE_RECURSION = YES;
				CLANG_WARN_INT_CONVERSION = YES;
				CLANG_WARN_NON_LITERAL_NULL_CONVERSION = YES;
				CLANG_WARN_OBJC_IMPLICIT_RETAIN_SELF = YES;
				CLANG_WARN_OBJC_LITERAL_CONVERSION = YES;
				CLANG_WARN_OBJC_ROOT_CLASS = YES_ERROR;
				CLANG_WARN_RANGE_LOOP_ANALYSIS = YES;
				CLANG_WARN_STRICT_PROTOTYPES = YES;
				CLANG_WARN_SUSPICIOUS_MOVE = YES;
				CLANG_WARN_UNGUARDED_AVAILABILITY = YES_AGGRESSIVE;
				CLANG_WARN_UNREACHABLE_CODE = YES;
				CLANG_WARN__DUPLICATE_METHOD_MATCH = YES;
				CODE_SIGN_IDENTITY = "iPhone Developer";
				COPY_PHASE_STRIP = NO;
				DEBUG_INFORMATION_FORMAT = dwarf;
				ENABLE_STRICT_OBJC_MSGSEND = YES;
				ENABLE_TESTABILITY = YES;
				GCC_C_LANGUAGE_STANDARD = gnu11;
				GCC_DYNAMIC_NO_PIC = NO;
				GCC_NO_COMMON_BLOCKS = YES;
				GCC_OPTIMIZATION_LEVEL = 0;
				GCC_PREPROCESSOR_DEFINITIONS = (
					"DEBUG=1",
					"$(inherited)",
				);
				GCC_WARN_64_TO_32_BIT_CONVERSION = YES;
				GCC_WARN_ABOUT_RETURN_TYPE = YES_ERROR;
				GCC_WARN_UNDECLARED_SELECTOR = YES;
				GCC_WARN_UNINITIALIZED_AUTOS = YES_AGGRESSIVE;
				GCC_WARN_UNUSED_FUNCTION = YES;
				GCC_WARN_UNUSED_VARIABLE = YES;
				IPHONEOS_DEPLOYMENT_TARGET = 11.3;
				MTL_ENABLE_DEBUG_INFO = YES;
				ONLY_ACTIVE_ARCH = YES;
				SDKROOT = iphoneos;
				SWIFT_ACTIVE_COMPILATION_CONDITIONS = DEBUG;
				SWIFT_OPTIMIZATION_LEVEL = "-Onone";
			};
			name = Debug;
		};
		2BD110AC20A82AD000B62DC1 /* Release */ = {
			isa = XCBuildConfiguration;
			buildSettings = {
				ALWAYS_SEARCH_USER_PATHS = NO;
				CLANG_ANALYZER_NONNULL = YES;
				CLANG_ANALYZER_NUMBER_OBJECT_CONVERSION = YES_AGGRESSIVE;
				CLANG_CXX_LANGUAGE_STANDARD = "gnu++14";
				CLANG_CXX_LIBRARY = "libc++";
				CLANG_ENABLE_MODULES = YES;
				CLANG_ENABLE_OBJC_ARC = YES;
				CLANG_ENABLE_OBJC_WEAK = YES;
				CLANG_WARN_BLOCK_CAPTURE_AUTORELEASING = YES;
				CLANG_WARN_BOOL_CONVERSION = YES;
				CLANG_WARN_COMMA = YES;
				CLANG_WARN_CONSTANT_CONVERSION = YES;
				CLANG_WARN_DEPRECATED_OBJC_IMPLEMENTATIONS = YES;
				CLANG_WARN_DIRECT_OBJC_ISA_USAGE = YES_ERROR;
				CLANG_WARN_DOCUMENTATION_COMMENTS = YES;
				CLANG_WARN_EMPTY_BODY = YES;
				CLANG_WARN_ENUM_CONVERSION = YES;
				CLANG_WARN_INFINITE_RECURSION = YES;
				CLANG_WARN_INT_CONVERSION = YES;
				CLANG_WARN_NON_LITERAL_NULL_CONVERSION = YES;
				CLANG_WARN_OBJC_IMPLICIT_RETAIN_SELF = YES;
				CLANG_WARN_OBJC_LITERAL_CONVERSION = YES;
				CLANG_WARN_OBJC_ROOT_CLASS = YES_ERROR;
				CLANG_WARN_RANGE_LOOP_ANALYSIS = YES;
				CLANG_WARN_STRICT_PROTOTYPES = YES;
				CLANG_WARN_SUSPICIOUS_MOVE = YES;
				CLANG_WARN_UNGUARDED_AVAILABILITY = YES_AGGRESSIVE;
				CLANG_WARN_UNREACHABLE_CODE = YES;
				CLANG_WARN__DUPLICATE_METHOD_MATCH = YES;
				CODE_SIGN_IDENTITY = "iPhone Developer";
				COPY_PHASE_STRIP = NO;
				DEBUG_INFORMATION_FORMAT = "dwarf-with-dsym";
				ENABLE_NS_ASSERTIONS = NO;
				ENABLE_STRICT_OBJC_MSGSEND = YES;
				GCC_C_LANGUAGE_STANDARD = gnu11;
				GCC_NO_COMMON_BLOCKS = YES;
				GCC_WARN_64_TO_32_BIT_CONVERSION = YES;
				GCC_WARN_ABOUT_RETURN_TYPE = YES_ERROR;
				GCC_WARN_UNDECLARED_SELECTOR = YES;
				GCC_WARN_UNINITIALIZED_AUTOS = YES_AGGRESSIVE;
				GCC_WARN_UNUSED_FUNCTION = YES;
				GCC_WARN_UNUSED_VARIABLE = YES;
				IPHONEOS_DEPLOYMENT_TARGET = 11.3;
				MTL_ENABLE_DEBUG_INFO = NO;
				SDKROOT = iphoneos;
				SWIFT_OPTIMIZATION_LEVEL = "-Owholemodule";
				VALIDATE_PRODUCT = YES;
			};
			name = Release;
		};
		2BD110AE20A82AD000B62DC1 /* Debug */ = {
			isa = XCBuildConfiguration;
			baseConfigurationReference = 7D6DE37CD4F8A82847ECD678 /* Pods-toHomeMapBox.debug.xcconfig */;
			buildSettings = {
				ASSETCATALOG_COMPILER_APPICON_NAME = AppIcon;
				CODE_SIGN_IDENTITY = "iPhone Developer";
				CODE_SIGN_STYLE = Automatic;
				DEVELOPMENT_TEAM = U392T78TUK;
				INFOPLIST_FILE = toHomeMapBox/Info.plist;
				LD_RUNPATH_SEARCH_PATHS = "$(inherited) @executable_path/Frameworks";
				PRODUCT_BUNDLE_IDENTIFIER = CDeep.toHomeMapBox;
				PRODUCT_NAME = "$(TARGET_NAME)";
				PROVISIONING_PROFILE_SPECIFIER = "";
				SWIFT_VERSION = 4.0;
				TARGETED_DEVICE_FAMILY = "1,2";
			};
			name = Debug;
		};
		2BD110AF20A82AD000B62DC1 /* Release */ = {
			isa = XCBuildConfiguration;
			baseConfigurationReference = 95D93CCCAF2815715121236B /* Pods-toHomeMapBox.release.xcconfig */;
			buildSettings = {
				ASSETCATALOG_COMPILER_APPICON_NAME = AppIcon;
				CODE_SIGN_IDENTITY = "iPhone Developer";
				CODE_SIGN_STYLE = Automatic;
				DEVELOPMENT_TEAM = U392T78TUK;
				INFOPLIST_FILE = toHomeMapBox/Info.plist;
				LD_RUNPATH_SEARCH_PATHS = "$(inherited) @executable_path/Frameworks";
				PRODUCT_BUNDLE_IDENTIFIER = CDeep.toHomeMapBox;
				PRODUCT_NAME = "$(TARGET_NAME)";
				PROVISIONING_PROFILE_SPECIFIER = "";
				SWIFT_VERSION = 4.0;
				TARGETED_DEVICE_FAMILY = "1,2";
			};
			name = Release;
		};
/* End XCBuildConfiguration section */

/* Begin XCConfigurationList section */
		2BD1109620A82AC900B62DC1 /* Build configuration list for PBXProject "toHomeMapBox" */ = {
			isa = XCConfigurationList;
			buildConfigurations = (
				2BD110AB20A82AD000B62DC1 /* Debug */,
				2BD110AC20A82AD000B62DC1 /* Release */,
			);
			defaultConfigurationIsVisible = 0;
			defaultConfigurationName = Release;
		};
		2BD110AD20A82AD000B62DC1 /* Build configuration list for PBXNativeTarget "toHomeMapBox" */ = {
			isa = XCConfigurationList;
			buildConfigurations = (
				2BD110AE20A82AD000B62DC1 /* Debug */,
				2BD110AF20A82AD000B62DC1 /* Release */,
			);
			defaultConfigurationIsVisible = 0;
			defaultConfigurationName = Release;
		};
/* End XCConfigurationList section */
	};
	rootObject = 2BD1109320A82AC900B62DC1 /* Project object */;
}
